Microsoft Visual Studio Solution File, Format Version 12.00
# Visual Studio 15
VisualStudioVersion = 15.0.28010.2041
MinimumVisualStudioVersion = 10.0.40219.1
Project("{9A19103F-16F7-4668-BE54-9A1E7A4F7556}") = "BCWebApi", "BCWebApi\BCWebApi.csproj", "{939BA0DE-5CC4-4F6E-8EDC-6C351D5756DA}"
EndProject
Project("{FAE04EC0-301F-11D3-BF4B-00C04F79EFBC}") = "BCWebApplication", "BCWebApplication\BCWebApplication.csproj", "{62D4E2AB-5100-4B4F-9896-E6AD2F9D5F2C}"
EndProject
Global
	GlobalSection(SolutionConfigurationPlatforms) = preSolution
		Debug|Any CPU = Debug|Any CPU
		Release|Any CPU = Release|Any CPU
	EndGlobalSection
	GlobalSection(ProjectConfigurationPlatforms) = postSolution
		{939BA0DE-5CC4-4F6E-8EDC-6C351D5756DA}.Debug|Any CPU.ActiveCfg = Debug|Any CPU
		{939BA0DE-5CC4-4F6E-8EDC-6C351D5756DA}.Debug|Any CPU.Build.0 = Debug|Any CPU
		{939BA0DE-5CC4-4F6E-8EDC-6C351D5756DA}.Release|Any CPU.ActiveCfg = Release|Any CPU
		{939BA0DE-5CC4-4F6E-8EDC-6C351D5756DA}.Release|Any CPU.Build.0 = Release|Any CPU
		{62D4E2AB-5100-4B4F-9896-E6AD2F9D5F2C}.Debug|Any CPU.ActiveCfg = Debug|Any CPU
		{62D4E2AB-5100-4B4F-9896-E6AD2F9D5F2C}.Debug|Any CPU.Build.0 = Debug|Any CPU
		{62D4E2AB-5100-4B4F-9896-E6AD2F9D5F2C}.Release|Any CPU.ActiveCfg = Release|Any CPU
		{62D4E2AB-5100-4B4F-9896-E6AD2F9D5F2C}.Release|Any CPU.Build.0 = Release|Any CPU
	EndGlobalSection
	GlobalSection(SolutionProperties) = preSolution
		HideSolutionNode = FALSE
	EndGlobalSection
	GlobalSection(ExtensibilityGlobals) = postSolution
		SolutionGuid = {6ECDE5E0-9B58-40EA-B477-5A65BC46FF1C}
	EndGlobalSection
EndGlobal
