Microsoft Visual Studio Solution File, Format Version 12.00
# Visual Studio 15
VisualStudioVersion = 15.0.28010.2041
MinimumVisualStudioVersion = 10.0.40219.1
Project("{9A19103F-16F7-4668-BE54-9A1E7A4F7556}") = "BCWebApi", "BCWebApi\BCWebApi.csproj", "{939BA0DE-5CC4-4F6E-8EDC-6C351D5756DA}"
EndProject
Project("{9A19103F-16F7-4668-BE54-9A1E7A4F7556}") = "BCWebAdmin", "BCWebAdmin\BCWebAdmin.csproj", "{8D578EFD-EDA5-4E93-B25D-A20DCECAB747}"
EndProject
Global
	GlobalSection(SolutionConfigurationPlatforms) = preSolution
		Debug|Any CPU = Debug|Any CPU
		Release|Any CPU = Release|Any CPU
	EndGlobalSection
	GlobalSection(ProjectConfigurationPlatforms) = postSolution
		{939BA0DE-5CC4-4F6E-8EDC-6C351D5756DA}.Debug|Any CPU.ActiveCfg = Debug|Any CPU
		{939BA0DE-5CC4-4F6E-8EDC-6C351D5756DA}.Debug|Any CPU.Build.0 = Debug|Any CPU
		{939BA0DE-5CC4-4F6E-8EDC-6C351D5756DA}.Release|Any CPU.ActiveCfg = Release|Any CPU
		{939BA0DE-5CC4-4F6E-8EDC-6C351D5756DA}.Release|Any CPU.Build.0 = Release|Any CPU
		{8D578EFD-EDA5-4E93-B25D-A20DCECAB747}.Debug|Any CPU.ActiveCfg = Debug|Any CPU
		{8D578EFD-EDA5-4E93-B25D-A20DCECAB747}.Debug|Any CPU.Build.0 = Debug|Any CPU
		{8D578EFD-EDA5-4E93-B25D-A20DCECAB747}.Release|Any CPU.ActiveCfg = Release|Any CPU
		{8D578EFD-EDA5-4E93-B25D-A20DCECAB747}.Release|Any CPU.Build.0 = Release|Any CPU
	EndGlobalSection
	GlobalSection(SolutionProperties) = preSolution
		HideSolutionNode = FALSE
	EndGlobalSection
	GlobalSection(ExtensibilityGlobals) = postSolution
		SolutionGuid = {6ECDE5E0-9B58-40EA-B477-5A65BC46FF1C}
	EndGlobalSection
EndGlobal
